
Microsoft Visual Studio Solution File, Format Version 12.00
Project("{FAE04EC0-301F-11D3-BF4B-00C04F79EFBC}") = "ISQExplorer", "ISQExplorer\ISQExplorer.csproj", "{2C540E84-EB1A-4736-B0ED-49A4D16B2861}"
EndProject
Project("{FAE04EC0-301F-11D3-BF4B-00C04F79EFBC}") = "ISQExplorerTests", "ISQExplorerTests\ISQExplorerTests.csproj", "{53C1A5EA-9DDD-4C81-A412-C9FADE7B45E7}"
EndProject
Global
	GlobalSection(SolutionConfigurationPlatforms) = preSolution
		Debug|Any CPU = Debug|Any CPU
		Release|Any CPU = Release|Any CPU
	EndGlobalSection
	GlobalSection(ProjectConfigurationPlatforms) = postSolution
		{2C540E84-EB1A-4736-B0ED-49A4D16B2861}.Debug|Any CPU.ActiveCfg = Debug|Any CPU
		{2C540E84-EB1A-4736-B0ED-49A4D16B2861}.Debug|Any CPU.Build.0 = Debug|Any CPU
		{2C540E84-EB1A-4736-B0ED-49A4D16B2861}.Release|Any CPU.ActiveCfg = Release|Any CPU
		{2C540E84-EB1A-4736-B0ED-49A4D16B2861}.Release|Any CPU.Build.0 = Release|Any CPU
		{53C1A5EA-9DDD-4C81-A412-C9FADE7B45E7}.Debug|Any CPU.ActiveCfg = Debug|Any CPU
		{53C1A5EA-9DDD-4C81-A412-C9FADE7B45E7}.Debug|Any CPU.Build.0 = Debug|Any CPU
		{53C1A5EA-9DDD-4C81-A412-C9FADE7B45E7}.Release|Any CPU.ActiveCfg = Release|Any CPU
		{53C1A5EA-9DDD-4C81-A412-C9FADE7B45E7}.Release|Any CPU.Build.0 = Release|Any CPU
	EndGlobalSection
EndGlobal
